
Microsoft Visual Studio Solution File, Format Version 10.00
# Visual Studio 2008
Project("{FAE04EC0-301F-11D3-BF4B-00C04F79EFBC}") = "Rivs", "Rivs\Rivs.csproj", "{DC83F412-08F0-48D4-8792-3EC3D807B8AD}"
EndProject
Global
	GlobalSection(SolutionConfigurationPlatforms) = preSolution
		Debug|Any CPU = Debug|Any CPU
		Release|Any CPU = Release|Any CPU
	EndGlobalSection
	GlobalSection(ProjectConfigurationPlatforms) = postSolution
		{DC83F412-08F0-48D4-8792-3EC3D807B8AD}.Debug|Any CPU.ActiveCfg = Debug|Any CPU
		{DC83F412-08F0-48D4-8792-3EC3D807B8AD}.Debug|Any CPU.Build.0 = Debug|Any CPU
		{DC83F412-08F0-48D4-8792-3EC3D807B8AD}.Release|Any CPU.ActiveCfg = Release|Any CPU
		{DC83F412-08F0-48D4-8792-3EC3D807B8AD}.Release|Any CPU.Build.0 = Release|Any CPU
	EndGlobalSection
	GlobalSection(SolutionProperties) = preSolution
		HideSolutionNode = FALSE
	EndGlobalSection
EndGlobal
