
Microsoft Visual Studio Solution File, Format Version 12.00
# Visual Studio 2012
Project("{FAE04EC0-301F-11D3-BF4B-00C04F79EFBC}") = "createimg", "createimg\createimg.csproj", "{4D25900A-B37A-466C-8B6D-4705E5B382B0}"
EndProject
Global
	GlobalSection(SubversionScc) = preSolution
		Svn-Managed = True
		Manager = AnkhSVN - Subversion Support for Visual Studio
	EndGlobalSection
	GlobalSection(SolutionConfigurationPlatforms) = preSolution
		Debug|Any CPU = Debug|Any CPU
		Release|Any CPU = Release|Any CPU
	EndGlobalSection
	GlobalSection(ProjectConfigurationPlatforms) = postSolution
		{4D25900A-B37A-466C-8B6D-4705E5B382B0}.Debug|Any CPU.ActiveCfg = Debug|Any CPU
		{4D25900A-B37A-466C-8B6D-4705E5B382B0}.Debug|Any CPU.Build.0 = Debug|Any CPU
		{4D25900A-B37A-466C-8B6D-4705E5B382B0}.Release|Any CPU.ActiveCfg = Release|Any CPU
		{4D25900A-B37A-466C-8B6D-4705E5B382B0}.Release|Any CPU.Build.0 = Release|Any CPU
	EndGlobalSection
	GlobalSection(SolutionProperties) = preSolution
		HideSolutionNode = FALSE
	EndGlobalSection
EndGlobal
