
Microsoft Visual Studio Solution File, Format Version 11.00
# Visual Studio 2010
Project("{FAE04EC0-301F-11D3-BF4B-00C04F79EFBC}") = "Travel", "Travel\Travel.csproj", "{A9393E15-7800-4109-9CCA-6561C72F217D}"
EndProject
Global
	GlobalSection(SolutionConfigurationPlatforms) = preSolution
		Debug|Any CPU = Debug|Any CPU
		Release|Any CPU = Release|Any CPU
	EndGlobalSection
	GlobalSection(ProjectConfigurationPlatforms) = postSolution
		{A9393E15-7800-4109-9CCA-6561C72F217D}.Debug|Any CPU.ActiveCfg = Debug|Any CPU
		{A9393E15-7800-4109-9CCA-6561C72F217D}.Debug|Any CPU.Build.0 = Debug|Any CPU
		{A9393E15-7800-4109-9CCA-6561C72F217D}.Release|Any CPU.ActiveCfg = Release|Any CPU
		{A9393E15-7800-4109-9CCA-6561C72F217D}.Release|Any CPU.Build.0 = Release|Any CPU
	EndGlobalSection
	GlobalSection(SolutionProperties) = preSolution
		HideSolutionNode = FALSE
	EndGlobalSection
EndGlobal
