
Microsoft Visual Studio Solution File, Format Version 12.00
# Visual Studio 2012
Project("{FAE04EC0-301F-11D3-BF4B-00C04F79EFBC}") = "TheSmallSpaceGame.Site", "TheSmallSpaceGame.Site\TheSmallSpaceGame.Site.csproj", "{F6556943-DC46-497D-8CAC-36DC16D52B94}"
EndProject
Project("{FAE04EC0-301F-11D3-BF4B-00C04F79EFBC}") = "TheSmallSpaceGame.DataAccess.EntityFramework", "TheSmallSpaceGame.DataAccess.EntityFramework\TheSmallSpaceGame.DataAccess.EntityFramework.csproj", "{039CA295-24D4-4CC1-8880-3BDA543CF65F}"
EndProject
Project("{FAE04EC0-301F-11D3-BF4B-00C04F79EFBC}") = "TheSmallSpaceGame.DataAccess", "TheSmallSpaceGame.DataAccess\TheSmallSpaceGame.DataAccess.csproj", "{4D1E9A61-1C4F-4074-A907-CF107981D14A}"
EndProject
Project("{FAE04EC0-301F-11D3-BF4B-00C04F79EFBC}") = "TheSmallSpaceGame.Api", "TheSmallSpaceGame.Api\TheSmallSpaceGame.Api.csproj", "{1881167B-D49D-431B-A577-E0639EE40AEE}"
EndProject
Global
	GlobalSection(SolutionConfigurationPlatforms) = preSolution
		Debug|Any CPU = Debug|Any CPU
		Release|Any CPU = Release|Any CPU
	EndGlobalSection
	GlobalSection(ProjectConfigurationPlatforms) = postSolution
		{F6556943-DC46-497D-8CAC-36DC16D52B94}.Debug|Any CPU.ActiveCfg = Debug|Any CPU
		{F6556943-DC46-497D-8CAC-36DC16D52B94}.Debug|Any CPU.Build.0 = Debug|Any CPU
		{F6556943-DC46-497D-8CAC-36DC16D52B94}.Release|Any CPU.ActiveCfg = Release|Any CPU
		{F6556943-DC46-497D-8CAC-36DC16D52B94}.Release|Any CPU.Build.0 = Release|Any CPU
		{039CA295-24D4-4CC1-8880-3BDA543CF65F}.Debug|Any CPU.ActiveCfg = Debug|Any CPU
		{039CA295-24D4-4CC1-8880-3BDA543CF65F}.Debug|Any CPU.Build.0 = Debug|Any CPU
		{039CA295-24D4-4CC1-8880-3BDA543CF65F}.Release|Any CPU.ActiveCfg = Release|Any CPU
		{039CA295-24D4-4CC1-8880-3BDA543CF65F}.Release|Any CPU.Build.0 = Release|Any CPU
		{4D1E9A61-1C4F-4074-A907-CF107981D14A}.Debug|Any CPU.ActiveCfg = Debug|Any CPU
		{4D1E9A61-1C4F-4074-A907-CF107981D14A}.Debug|Any CPU.Build.0 = Debug|Any CPU
		{4D1E9A61-1C4F-4074-A907-CF107981D14A}.Release|Any CPU.ActiveCfg = Release|Any CPU
		{4D1E9A61-1C4F-4074-A907-CF107981D14A}.Release|Any CPU.Build.0 = Release|Any CPU
		{1881167B-D49D-431B-A577-E0639EE40AEE}.Debug|Any CPU.ActiveCfg = Debug|Any CPU
		{1881167B-D49D-431B-A577-E0639EE40AEE}.Debug|Any CPU.Build.0 = Debug|Any CPU
		{1881167B-D49D-431B-A577-E0639EE40AEE}.Release|Any CPU.ActiveCfg = Release|Any CPU
		{1881167B-D49D-431B-A577-E0639EE40AEE}.Release|Any CPU.Build.0 = Release|Any CPU
	EndGlobalSection
	GlobalSection(SolutionProperties) = preSolution
		HideSolutionNode = FALSE
	EndGlobalSection
EndGlobal
