
Microsoft Visual Studio Solution File, Format Version 11.00
# Visual Studio 2010
Project("{FAE04EC0-301F-11D3-BF4B-00C04F79EFBC}") = "Babich", "Babich\Babich.csproj", "{13A3597E-2FCE-428E-A5E6-449E3963620E}"
EndProject
Global
	GlobalSection(SolutionConfigurationPlatforms) = preSolution
		Debug|Any CPU = Debug|Any CPU
		Release|Any CPU = Release|Any CPU
	EndGlobalSection
	GlobalSection(ProjectConfigurationPlatforms) = postSolution
		{13A3597E-2FCE-428E-A5E6-449E3963620E}.Debug|Any CPU.ActiveCfg = Debug|Any CPU
		{13A3597E-2FCE-428E-A5E6-449E3963620E}.Debug|Any CPU.Build.0 = Debug|Any CPU
		{13A3597E-2FCE-428E-A5E6-449E3963620E}.Release|Any CPU.ActiveCfg = Release|Any CPU
		{13A3597E-2FCE-428E-A5E6-449E3963620E}.Release|Any CPU.Build.0 = Release|Any CPU
	EndGlobalSection
	GlobalSection(SolutionProperties) = preSolution
		HideSolutionNode = FALSE
	EndGlobalSection
EndGlobal
