
Microsoft Visual Studio Solution File, Format Version 12.00
# Visual Studio 2012
Project("{FAE04EC0-301F-11D3-BF4B-00C04F79EFBC}") = "leo_db", "leo_db\leo_db.csproj", "{D52CD0D4-E71F-4363-85A0-4D73D4888483}"
EndProject
Global
	GlobalSection(SolutionConfigurationPlatforms) = preSolution
		Debug|Any CPU = Debug|Any CPU
		Release|Any CPU = Release|Any CPU
	EndGlobalSection
	GlobalSection(ProjectConfigurationPlatforms) = postSolution
		{D52CD0D4-E71F-4363-85A0-4D73D4888483}.Debug|Any CPU.ActiveCfg = Debug|Any CPU
		{D52CD0D4-E71F-4363-85A0-4D73D4888483}.Debug|Any CPU.Build.0 = Debug|Any CPU
		{D52CD0D4-E71F-4363-85A0-4D73D4888483}.Release|Any CPU.ActiveCfg = Release|Any CPU
		{D52CD0D4-E71F-4363-85A0-4D73D4888483}.Release|Any CPU.Build.0 = Release|Any CPU
	EndGlobalSection
	GlobalSection(SolutionProperties) = preSolution
		HideSolutionNode = FALSE
	EndGlobalSection
EndGlobal
