
Microsoft Visual Studio Solution File, Format Version 12.00
# Visual Studio 2012
Project("{FAE04EC0-301F-11D3-BF4B-00C04F79EFBC}") = "Data", "Data\Data.csproj", "{B700C1F2-3BC0-4AC1-AE28-069246099D00}"
EndProject
Project("{FAE04EC0-301F-11D3-BF4B-00C04F79EFBC}") = "Shop.WebSite", "Shop.WebSite\Shop.WebSite.csproj", "{EBE24FBD-58D9-4BAA-A7F6-8F381AE1755D}"
EndProject
Global
	GlobalSection(SubversionScc) = preSolution
		Svn-Managed = True
		Manager = AnkhSVN - Subversion Support for Visual Studio
	EndGlobalSection
	GlobalSection(SolutionConfigurationPlatforms) = preSolution
		Debug|Any CPU = Debug|Any CPU
		Release|Any CPU = Release|Any CPU
	EndGlobalSection
	GlobalSection(ProjectConfigurationPlatforms) = postSolution
		{B700C1F2-3BC0-4AC1-AE28-069246099D00}.Debug|Any CPU.ActiveCfg = Debug|Any CPU
		{B700C1F2-3BC0-4AC1-AE28-069246099D00}.Debug|Any CPU.Build.0 = Debug|Any CPU
		{B700C1F2-3BC0-4AC1-AE28-069246099D00}.Release|Any CPU.ActiveCfg = Release|Any CPU
		{B700C1F2-3BC0-4AC1-AE28-069246099D00}.Release|Any CPU.Build.0 = Release|Any CPU
		{EBE24FBD-58D9-4BAA-A7F6-8F381AE1755D}.Debug|Any CPU.ActiveCfg = Debug|Any CPU
		{EBE24FBD-58D9-4BAA-A7F6-8F381AE1755D}.Debug|Any CPU.Build.0 = Debug|Any CPU
		{EBE24FBD-58D9-4BAA-A7F6-8F381AE1755D}.Release|Any CPU.ActiveCfg = Release|Any CPU
		{EBE24FBD-58D9-4BAA-A7F6-8F381AE1755D}.Release|Any CPU.Build.0 = Release|Any CPU
	EndGlobalSection
	GlobalSection(SolutionProperties) = preSolution
		HideSolutionNode = FALSE
	EndGlobalSection
EndGlobal
