
Microsoft Visual Studio Solution File, Format Version 12.00
# Visual Studio 2012
Project("{FAE04EC0-301F-11D3-BF4B-00C04F79EFBC}") = "EM2014", "EM2014\EM2014.csproj", "{F0CFE2E0-8A8A-42B4-8B69-4DE228ECC922}"
EndProject
Project("{FAE04EC0-301F-11D3-BF4B-00C04F79EFBC}") = "ImageExtensions", "ImageExtensions\ImageExtensions.csproj", "{A9C4CB64-37C4-45CD-908E-C3D1E92856C2}"
EndProject
Project("{FAE04EC0-301F-11D3-BF4B-00C04F79EFBC}") = "DB", "DB\DB.csproj", "{31D4FF20-8990-4D89-863B-72D9CB2F2D01}"
EndProject
Global
	GlobalSection(SubversionScc) = preSolution
		Svn-Managed = True
		Manager = AnkhSVN - Subversion Support for Visual Studio
	EndGlobalSection
	GlobalSection(SolutionConfigurationPlatforms) = preSolution
		Debug|Any CPU = Debug|Any CPU
		Release|Any CPU = Release|Any CPU
	EndGlobalSection
	GlobalSection(ProjectConfigurationPlatforms) = postSolution
		{F0CFE2E0-8A8A-42B4-8B69-4DE228ECC922}.Debug|Any CPU.ActiveCfg = Debug|Any CPU
		{F0CFE2E0-8A8A-42B4-8B69-4DE228ECC922}.Debug|Any CPU.Build.0 = Debug|Any CPU
		{F0CFE2E0-8A8A-42B4-8B69-4DE228ECC922}.Release|Any CPU.ActiveCfg = Release|Any CPU
		{F0CFE2E0-8A8A-42B4-8B69-4DE228ECC922}.Release|Any CPU.Build.0 = Release|Any CPU
		{A9C4CB64-37C4-45CD-908E-C3D1E92856C2}.Debug|Any CPU.ActiveCfg = Debug|Any CPU
		{A9C4CB64-37C4-45CD-908E-C3D1E92856C2}.Debug|Any CPU.Build.0 = Debug|Any CPU
		{A9C4CB64-37C4-45CD-908E-C3D1E92856C2}.Release|Any CPU.ActiveCfg = Release|Any CPU
		{A9C4CB64-37C4-45CD-908E-C3D1E92856C2}.Release|Any CPU.Build.0 = Release|Any CPU
		{31D4FF20-8990-4D89-863B-72D9CB2F2D01}.Debug|Any CPU.ActiveCfg = Debug|Any CPU
		{31D4FF20-8990-4D89-863B-72D9CB2F2D01}.Release|Any CPU.ActiveCfg = Release|Any CPU
		{31D4FF20-8990-4D89-863B-72D9CB2F2D01}.Release|Any CPU.Build.0 = Release|Any CPU
	EndGlobalSection
	GlobalSection(SolutionProperties) = preSolution
		HideSolutionNode = FALSE
	EndGlobalSection
EndGlobal
