
Microsoft Visual Studio Solution File, Format Version 12.00
# Visual Studio 2012
Project("{FAE04EC0-301F-11D3-BF4B-00C04F79EFBC}") = "iBank.UI", "iBank.UI\iBank.UI.csproj", "{639EF00C-47FB-46BB-A76A-A5199DCCD0FD}"
EndProject
Project("{FAE04EC0-301F-11D3-BF4B-00C04F79EFBC}") = "iBank.Api", "iBank.Api\iBank.Api.csproj", "{4F8CFC9D-DDEE-4483-8824-FDC84F84DDEF}"
EndProject
Project("{FAE04EC0-301F-11D3-BF4B-00C04F79EFBC}") = "iBank.SecurityServices", "iBank.SecurityServices\iBank.SecurityServices.csproj", "{66446354-37D8-4F5D-A009-19739975EEC8}"
EndProject
Global
	GlobalSection(SubversionScc) = preSolution
		Svn-Managed = True
		Manager = AnkhSVN - Subversion Support for Visual Studio
	EndGlobalSection
	GlobalSection(SolutionConfigurationPlatforms) = preSolution
		Debug|Any CPU = Debug|Any CPU
		Release|Any CPU = Release|Any CPU
	EndGlobalSection
	GlobalSection(ProjectConfigurationPlatforms) = postSolution
		{639EF00C-47FB-46BB-A76A-A5199DCCD0FD}.Debug|Any CPU.ActiveCfg = Debug|Any CPU
		{639EF00C-47FB-46BB-A76A-A5199DCCD0FD}.Debug|Any CPU.Build.0 = Debug|Any CPU
		{639EF00C-47FB-46BB-A76A-A5199DCCD0FD}.Release|Any CPU.ActiveCfg = Release|Any CPU
		{639EF00C-47FB-46BB-A76A-A5199DCCD0FD}.Release|Any CPU.Build.0 = Release|Any CPU
		{4F8CFC9D-DDEE-4483-8824-FDC84F84DDEF}.Debug|Any CPU.ActiveCfg = Debug|Any CPU
		{4F8CFC9D-DDEE-4483-8824-FDC84F84DDEF}.Debug|Any CPU.Build.0 = Debug|Any CPU
		{4F8CFC9D-DDEE-4483-8824-FDC84F84DDEF}.Release|Any CPU.ActiveCfg = Release|Any CPU
		{4F8CFC9D-DDEE-4483-8824-FDC84F84DDEF}.Release|Any CPU.Build.0 = Release|Any CPU
		{66446354-37D8-4F5D-A009-19739975EEC8}.Debug|Any CPU.ActiveCfg = Debug|Any CPU
		{66446354-37D8-4F5D-A009-19739975EEC8}.Debug|Any CPU.Build.0 = Debug|Any CPU
		{66446354-37D8-4F5D-A009-19739975EEC8}.Release|Any CPU.ActiveCfg = Release|Any CPU
		{66446354-37D8-4F5D-A009-19739975EEC8}.Release|Any CPU.Build.0 = Release|Any CPU
	EndGlobalSection
	GlobalSection(SolutionProperties) = preSolution
		HideSolutionNode = FALSE
	EndGlobalSection
EndGlobal
